
Microsoft Visual Studio Solution File, Format Version 12.00
# Visual Studio 15
VisualStudioVersion = 15.0.27703.2047
MinimumVisualStudioVersion = 10.0.40219.1
Project("{FAE04EC0-301F-11D3-BF4B-00C04F79EFBC}") = "ImpactaAspNet.Capitulo01.Variaveis", "ImpactaAspNet.Capitulo01.Variaveis\ImpactaAspNet.Capitulo01.Variaveis.csproj", "{AF19A4A5-9EC8-4675-8C57-31146ACC7B99}"
EndProject
Project("{FAE04EC0-301F-11D3-BF4B-00C04F79EFBC}") = "AspNet.Capitulo01.Troco", "AspNet.Capitulo01.Troco\AspNet.Capitulo01.Troco.csproj", "{1E6E7B2F-C016-4EC5-A1D5-DFFB4D2CA5D5}"
EndProject
Project("{FAE04EC0-301F-11D3-BF4B-00C04F79EFBC}") = "AspNet.Capitulo1.Frete", "AspNet.Capitulo1.Frete\AspNet.Capitulo1.Frete.csproj", "{01444645-0452-4485-B342-28822D87F53D}"
EndProject
Project("{FAE04EC0-301F-11D3-BF4B-00C04F79EFBC}") = "AspNet.Capitulo01.Repeticao.Testes", "AspNet.Capitulo01.Repeticao.Testes\AspNet.Capitulo01.Repeticao.Testes.csproj", "{94F52614-6361-43E3-B39B-FF7155804D81}"
EndProject
Project("{FAE04EC0-301F-11D3-BF4B-00C04F79EFBC}") = "AspNet.Capitulo01.VetoresColecoes.Teste", "AspNet.Capitulo01.VetoresColecoes.Teste\AspNet.Capitulo01.VetoresColecoes.Teste.csproj", "{B73142CE-FB06-451A-AB11-480CABBB4C65}"
EndProject
Project("{FAE04EC0-301F-11D3-BF4B-00C04F79EFBC}") = "Oficina.Dominio", "Oficina.Dominio\Oficina.Dominio.csproj", "{EAE7CF18-FCEC-4E66-A71A-3FB9772EA14F}"
EndProject
Project("{2150E333-8FDC-42A3-9474-1A3956D46DE8}") = "Oficina", "Oficina", "{A652DAC0-EF74-4E5E-967E-FA88F6A80969}"
EndProject
Project("{FAE04EC0-301F-11D3-BF4B-00C04F79EFBC}") = "Oficina.Repositorios.SistemaArquivos", "Oficina.Repositorios.SistemaArquivos\Oficina.Repositorios.SistemaArquivos.csproj", "{F20ACC9E-F57A-4137-BA1B-B7BC8D7361D4}"
EndProject
Project("{FAE04EC0-301F-11D3-BF4B-00C04F79EFBC}") = "Oficina.Repositorios.SistemaArquivosTests", "Oficina.Repositorios.SistemaArquivosTests\Oficina.Repositorios.SistemaArquivosTests.csproj", "{B0F8723F-A0F2-4DE1-9454-4252F84B4C0E}"
EndProject
Project("{FAE04EC0-301F-11D3-BF4B-00C04F79EFBC}") = "Oficina.WebPages", "Oficina.WebPages\Oficina.WebPages.csproj", "{66E31D02-5F33-430E-8B39-02D65BDD7646}"
EndProject
Project("{FAE04EC0-301F-11D3-BF4B-00C04F79EFBC}") = "AspNet.Capitulo1.FreteTests", "AspNet.Capitulo1.FreteTests\AspNet.Capitulo1.FreteTests.csproj", "{759E24E6-BF63-43DF-907C-1FE500B556E1}"
EndProject
Project("{2150E333-8FDC-42A3-9474-1A3956D46DE8}") = "Frete", "Frete", "{29A5355B-70DD-4516-A1D9-F0BB47D9AC47}"
EndProject
Project("{FAE04EC0-301F-11D3-BF4B-00C04F79EFBC}") = "AspNet.Capitulo03.Portfolio", "AspNet.Capitulo03.Portfolio\AspNet.Capitulo03.Portfolio.csproj", "{00D4ACE2-BD9F-4B70-8011-4E0855FEEA35}"
EndProject
Project("{2150E333-8FDC-42A3-9474-1A3956D46DE8}") = "ViagensOnline", "ViagensOnline", "{A55D50BA-2212-44F8-A7FF-A2379A94BE9C}"
EndProject
Project("{FAE04EC0-301F-11D3-BF4B-00C04F79EFBC}") = "ViagensOline.Dominio", "ViagensOline.Dominio\ViagensOline.Dominio.csproj", "{4B4F49BF-63E0-4EE7-83C1-A847CB24B11A}"
EndProject
Project("{FAE04EC0-301F-11D3-BF4B-00C04F79EFBC}") = "ViagensOnline.Repositorios.SqlServer", "ViagensOnline.Repositorios.SqlServer\ViagensOnline.Repositorios.SqlServer.csproj", "{0458A52F-ABA2-4298-BD61-2358F2EF0F2B}"
EndProject
Project("{FAE04EC0-301F-11D3-BF4B-00C04F79EFBC}") = "ViagensOnline.Repositorios.SqlServerTests", "ViagensOnline.Repositorios.SqlServerTests\ViagensOnline.Repositorios.SqlServerTests.csproj", "{2F7E0A8B-DFF9-4B8D-B489-1EFCE21559ED}"
EndProject
Project("{FAE04EC0-301F-11D3-BF4B-00C04F79EFBC}") = "ViagensOnline.Mvc", "ViagensOnline.Mvc\ViagensOnline.Mvc.csproj", "{FA884214-5222-4613-B979-5D258BA517D4}"
EndProject
Global
	GlobalSection(SolutionConfigurationPlatforms) = preSolution
		Debug|Any CPU = Debug|Any CPU
		Release|Any CPU = Release|Any CPU
	EndGlobalSection
	GlobalSection(ProjectConfigurationPlatforms) = postSolution
		{AF19A4A5-9EC8-4675-8C57-31146ACC7B99}.Debug|Any CPU.ActiveCfg = Debug|Any CPU
		{AF19A4A5-9EC8-4675-8C57-31146ACC7B99}.Debug|Any CPU.Build.0 = Debug|Any CPU
		{AF19A4A5-9EC8-4675-8C57-31146ACC7B99}.Release|Any CPU.ActiveCfg = Release|Any CPU
		{AF19A4A5-9EC8-4675-8C57-31146ACC7B99}.Release|Any CPU.Build.0 = Release|Any CPU
		{1E6E7B2F-C016-4EC5-A1D5-DFFB4D2CA5D5}.Debug|Any CPU.ActiveCfg = Debug|Any CPU
		{1E6E7B2F-C016-4EC5-A1D5-DFFB4D2CA5D5}.Debug|Any CPU.Build.0 = Debug|Any CPU
		{1E6E7B2F-C016-4EC5-A1D5-DFFB4D2CA5D5}.Release|Any CPU.ActiveCfg = Release|Any CPU
		{1E6E7B2F-C016-4EC5-A1D5-DFFB4D2CA5D5}.Release|Any CPU.Build.0 = Release|Any CPU
		{01444645-0452-4485-B342-28822D87F53D}.Debug|Any CPU.ActiveCfg = Debug|Any CPU
		{01444645-0452-4485-B342-28822D87F53D}.Debug|Any CPU.Build.0 = Debug|Any CPU
		{01444645-0452-4485-B342-28822D87F53D}.Release|Any CPU.ActiveCfg = Release|Any CPU
		{01444645-0452-4485-B342-28822D87F53D}.Release|Any CPU.Build.0 = Release|Any CPU
		{94F52614-6361-43E3-B39B-FF7155804D81}.Debug|Any CPU.ActiveCfg = Debug|Any CPU
		{94F52614-6361-43E3-B39B-FF7155804D81}.Debug|Any CPU.Build.0 = Debug|Any CPU
		{94F52614-6361-43E3-B39B-FF7155804D81}.Release|Any CPU.ActiveCfg = Release|Any CPU
		{94F52614-6361-43E3-B39B-FF7155804D81}.Release|Any CPU.Build.0 = Release|Any CPU
		{B73142CE-FB06-451A-AB11-480CABBB4C65}.Debug|Any CPU.ActiveCfg = Debug|Any CPU
		{B73142CE-FB06-451A-AB11-480CABBB4C65}.Debug|Any CPU.Build.0 = Debug|Any CPU
		{B73142CE-FB06-451A-AB11-480CABBB4C65}.Release|Any CPU.ActiveCfg = Release|Any CPU
		{B73142CE-FB06-451A-AB11-480CABBB4C65}.Release|Any CPU.Build.0 = Release|Any CPU
		{EAE7CF18-FCEC-4E66-A71A-3FB9772EA14F}.Debug|Any CPU.ActiveCfg = Debug|Any CPU
		{EAE7CF18-FCEC-4E66-A71A-3FB9772EA14F}.Debug|Any CPU.Build.0 = Debug|Any CPU
		{EAE7CF18-FCEC-4E66-A71A-3FB9772EA14F}.Release|Any CPU.ActiveCfg = Release|Any CPU
		{EAE7CF18-FCEC-4E66-A71A-3FB9772EA14F}.Release|Any CPU.Build.0 = Release|Any CPU
		{F20ACC9E-F57A-4137-BA1B-B7BC8D7361D4}.Debug|Any CPU.ActiveCfg = Debug|Any CPU
		{F20ACC9E-F57A-4137-BA1B-B7BC8D7361D4}.Debug|Any CPU.Build.0 = Debug|Any CPU
		{F20ACC9E-F57A-4137-BA1B-B7BC8D7361D4}.Release|Any CPU.ActiveCfg = Release|Any CPU
		{F20ACC9E-F57A-4137-BA1B-B7BC8D7361D4}.Release|Any CPU.Build.0 = Release|Any CPU
		{B0F8723F-A0F2-4DE1-9454-4252F84B4C0E}.Debug|Any CPU.ActiveCfg = Debug|Any CPU
		{B0F8723F-A0F2-4DE1-9454-4252F84B4C0E}.Debug|Any CPU.Build.0 = Debug|Any CPU
		{B0F8723F-A0F2-4DE1-9454-4252F84B4C0E}.Release|Any CPU.ActiveCfg = Release|Any CPU
		{B0F8723F-A0F2-4DE1-9454-4252F84B4C0E}.Release|Any CPU.Build.0 = Release|Any CPU
		{66E31D02-5F33-430E-8B39-02D65BDD7646}.Debug|Any CPU.ActiveCfg = Debug|Any CPU
		{66E31D02-5F33-430E-8B39-02D65BDD7646}.Debug|Any CPU.Build.0 = Debug|Any CPU
		{66E31D02-5F33-430E-8B39-02D65BDD7646}.Release|Any CPU.ActiveCfg = Release|Any CPU
		{66E31D02-5F33-430E-8B39-02D65BDD7646}.Release|Any CPU.Build.0 = Release|Any CPU
		{759E24E6-BF63-43DF-907C-1FE500B556E1}.Debug|Any CPU.ActiveCfg = Debug|Any CPU
		{759E24E6-BF63-43DF-907C-1FE500B556E1}.Debug|Any CPU.Build.0 = Debug|Any CPU
		{759E24E6-BF63-43DF-907C-1FE500B556E1}.Release|Any CPU.ActiveCfg = Release|Any CPU
		{759E24E6-BF63-43DF-907C-1FE500B556E1}.Release|Any CPU.Build.0 = Release|Any CPU
		{00D4ACE2-BD9F-4B70-8011-4E0855FEEA35}.Debug|Any CPU.ActiveCfg = Debug|Any CPU
		{00D4ACE2-BD9F-4B70-8011-4E0855FEEA35}.Debug|Any CPU.Build.0 = Debug|Any CPU
		{00D4ACE2-BD9F-4B70-8011-4E0855FEEA35}.Release|Any CPU.ActiveCfg = Release|Any CPU
		{00D4ACE2-BD9F-4B70-8011-4E0855FEEA35}.Release|Any CPU.Build.0 = Release|Any CPU
		{4B4F49BF-63E0-4EE7-83C1-A847CB24B11A}.Debug|Any CPU.ActiveCfg = Debug|Any CPU
		{4B4F49BF-63E0-4EE7-83C1-A847CB24B11A}.Debug|Any CPU.Build.0 = Debug|Any CPU
		{4B4F49BF-63E0-4EE7-83C1-A847CB24B11A}.Release|Any CPU.ActiveCfg = Release|Any CPU
		{4B4F49BF-63E0-4EE7-83C1-A847CB24B11A}.Release|Any CPU.Build.0 = Release|Any CPU
		{0458A52F-ABA2-4298-BD61-2358F2EF0F2B}.Debug|Any CPU.ActiveCfg = Debug|Any CPU
		{0458A52F-ABA2-4298-BD61-2358F2EF0F2B}.Debug|Any CPU.Build.0 = Debug|Any CPU
		{0458A52F-ABA2-4298-BD61-2358F2EF0F2B}.Release|Any CPU.ActiveCfg = Release|Any CPU
		{0458A52F-ABA2-4298-BD61-2358F2EF0F2B}.Release|Any CPU.Build.0 = Release|Any CPU
		{2F7E0A8B-DFF9-4B8D-B489-1EFCE21559ED}.Debug|Any CPU.ActiveCfg = Debug|Any CPU
		{2F7E0A8B-DFF9-4B8D-B489-1EFCE21559ED}.Debug|Any CPU.Build.0 = Debug|Any CPU
		{2F7E0A8B-DFF9-4B8D-B489-1EFCE21559ED}.Release|Any CPU.ActiveCfg = Release|Any CPU
		{2F7E0A8B-DFF9-4B8D-B489-1EFCE21559ED}.Release|Any CPU.Build.0 = Release|Any CPU
		{FA884214-5222-4613-B979-5D258BA517D4}.Debug|Any CPU.ActiveCfg = Debug|Any CPU
		{FA884214-5222-4613-B979-5D258BA517D4}.Debug|Any CPU.Build.0 = Debug|Any CPU
		{FA884214-5222-4613-B979-5D258BA517D4}.Release|Any CPU.ActiveCfg = Release|Any CPU
		{FA884214-5222-4613-B979-5D258BA517D4}.Release|Any CPU.Build.0 = Release|Any CPU
	EndGlobalSection
	GlobalSection(SolutionProperties) = preSolution
		HideSolutionNode = FALSE
	EndGlobalSection
	GlobalSection(NestedProjects) = preSolution
		{01444645-0452-4485-B342-28822D87F53D} = {29A5355B-70DD-4516-A1D9-F0BB47D9AC47}
		{EAE7CF18-FCEC-4E66-A71A-3FB9772EA14F} = {A652DAC0-EF74-4E5E-967E-FA88F6A80969}
		{F20ACC9E-F57A-4137-BA1B-B7BC8D7361D4} = {A652DAC0-EF74-4E5E-967E-FA88F6A80969}
		{B0F8723F-A0F2-4DE1-9454-4252F84B4C0E} = {A652DAC0-EF74-4E5E-967E-FA88F6A80969}
		{66E31D02-5F33-430E-8B39-02D65BDD7646} = {A652DAC0-EF74-4E5E-967E-FA88F6A80969}
		{759E24E6-BF63-43DF-907C-1FE500B556E1} = {29A5355B-70DD-4516-A1D9-F0BB47D9AC47}
		{4B4F49BF-63E0-4EE7-83C1-A847CB24B11A} = {A55D50BA-2212-44F8-A7FF-A2379A94BE9C}
		{0458A52F-ABA2-4298-BD61-2358F2EF0F2B} = {A55D50BA-2212-44F8-A7FF-A2379A94BE9C}
		{2F7E0A8B-DFF9-4B8D-B489-1EFCE21559ED} = {A55D50BA-2212-44F8-A7FF-A2379A94BE9C}
		{FA884214-5222-4613-B979-5D258BA517D4} = {A55D50BA-2212-44F8-A7FF-A2379A94BE9C}
	EndGlobalSection
	GlobalSection(ExtensibilityGlobals) = postSolution
		SolutionGuid = {499A8260-2391-4815-A438-2CD5887A27CC}
	EndGlobalSection
EndGlobal
